{
  "name": "mn",
  "version": "1.0.0",
  "lockfileVersion": 3,
  "requires": true,
  "packages": {
    "": {
      "name": "mn",
      "version": "1.0.0",
      "license": "ISC",
      "dependencies": {
        "silk-wasm": "^3.7.1"
      }
    },
    "node_modules/silk-wasm": {
      "version": "3.7.1",
      "resolved": "https://registry.npmmirror.com/silk-wasm/-/silk-wasm-3.7.1.tgz",
      "integrity": "sha512-mXPwLRtZxrYV3TZx41jMAeKc80wvmyrcXIcs8HctFxK15Ahz2OJQENYhNgEPeCEOdI6Mbx1NxQsqxzwc3DKerw==",
      "license": "MIT",
      "engines": {
        "node": ">=16.11.0"
      }
    }
  }
}
